lockfileVersion: '9.0'

settings:
  autoInstallPeers: true
  excludeLinksFromLockfile: false

importers:

  .:
    devDependencies:
      '@kungfu-tech/buildchain':
        specifier: 2.14.2-alpha.1
        version: 2.14.2-alpha.1
      '@kungfu-tech/buildchain-stable':
        specifier: npm:@kungfu-tech/buildchain@2.13.0
        version: '@kungfu-tech/buildchain@2.13.0'
      '@kungfu-tech/kfd':
        specifier: 1.0.0-alpha.21
        version: 1.0.0-alpha.21

packages:

  '@kungfu-tech/buildchain@2.13.0':
    resolution: {integrity: sha512-NS672/mnkKMtyq1x/Ok14IAu6rdgLjxlYMEuE887Ia9AthsncBBiOxGnCWZODlPZX/+bvWGFPqYINy0FWMRMWQ==}
    engines: {node: '>=22.14.0'}
    hasBin: true

  '@kungfu-tech/buildchain@2.14.2-alpha.1':
    resolution: {integrity: sha512-QKlm83x1Yu2FFw+SKvIrY110MS+yemWwmOiO9JneElTh3XrtF4iAvBp5zdybwPGriPsQLYhhB+cSPxpw70sZOA==}
    engines: {node: '>=22.14.0'}
    hasBin: true

  '@kungfu-tech/kfd@1.0.0-alpha.21':
    resolution: {integrity: sha512-lsr3aJ93pUaO9gxnGBsrTJkTkvpIHPHp9Rxug7WvdS4Zkte3AdFvyCl1DgwQN+/38FAXf8fBozyGkHxxXaN7Dg==}

  smol-toml@1.7.0:
    resolution: {integrity: sha512-aqVvWoyO21L23mb+drl4RmMXbf6N7FdHjAhTRA9ZBL7apWBgfWC16KjrASI+1p9GAroljyMHj6fK67i0UiTNvQ==}
    engines: {node: '>= 18'}

snapshots:

  '@kungfu-tech/buildchain@2.13.0':
    dependencies:
      '@kungfu-tech/kfd': 1.0.0-alpha.21
      smol-toml: 1.7.0

  '@kungfu-tech/buildchain@2.14.2-alpha.1':
    dependencies:
      '@kungfu-tech/kfd': 1.0.0-alpha.21
      smol-toml: 1.7.0

  '@kungfu-tech/kfd@1.0.0-alpha.21': {}

  smol-toml@1.7.0: {}
