lockfileVersion: '9.0'

settings:
  autoInstallPeers: true
  excludeLinksFromLockfile: false

importers:

  .:
    devDependencies:
      '@kungfu-tech/buildchain':
        specifier: 2.12.3-alpha.1
        version: 2.12.3-alpha.1
      '@kungfu-tech/kfd':
        specifier: 1.0.0-alpha.21
        version: 1.0.0-alpha.21

packages:

  '@kungfu-tech/buildchain@2.12.3-alpha.1':
    resolution: {integrity: sha512-BUqxxTCnMw0CTBM2QxpGD7IfKbsU+IVKjQMFnvMW2KUQHxG5tk9H1f0ujnwSCtTzfJcNWyxOfZ1rMzn/a0A9LA==}
    engines: {node: '>=22.14.0'}
    hasBin: true

  '@kungfu-tech/kfd@1.0.0-alpha.21':
    resolution: {integrity: sha512-lsr3aJ93pUaO9gxnGBsrTJkTkvpIHPHp9Rxug7WvdS4Zkte3AdFvyCl1DgwQN+/38FAXf8fBozyGkHxxXaN7Dg==}

  smol-toml@1.7.0:
    resolution: {integrity: sha512-aqVvWoyO21L23mb+drl4RmMXbf6N7FdHjAhTRA9ZBL7apWBgfWC16KjrASI+1p9GAroljyMHj6fK67i0UiTNvQ==}
    engines: {node: '>= 18'}

snapshots:

  '@kungfu-tech/buildchain@2.12.3-alpha.1':
    dependencies:
      '@kungfu-tech/kfd': 1.0.0-alpha.21
      smol-toml: 1.7.0

  '@kungfu-tech/kfd@1.0.0-alpha.21': {}

  smol-toml@1.7.0: {}
